
Microsoft Visual Studio Solution File, Format Version 12.00
# Visual Studio Version 17
VisualStudioVersion = 17.7.34018.315
MinimumVisualStudioVersion = 10.0.40219.1
Project("{FAE04EC0-301F-11D3-BF4B-00C04F79EFBC}") = "AddManyPeople.Web", "AddManyPeople.Web\AddManyPeople.Web.csproj", "{14D20C12-C1AA-4259-9ECF-F49B07C4A9D8}"
EndProject
Project("{FAE04EC0-301F-11D3-BF4B-00C04F79EFBC}") = "AddManyPeople.Data", "AddManyPeople.Data\AddManyPeople.Data.csproj", "{543E1F49-7F57-433E-A671-29948D8A7879}"
EndProject
Global
	GlobalSection(SolutionConfigurationPlatforms) = preSolution
		Debug|Any CPU = Debug|Any CPU
		Release|Any CPU = Release|Any CPU
	EndGlobalSection
	GlobalSection(ProjectConfigurationPlatforms) = postSolution
		{14D20C12-C1AA-4259-9ECF-F49B07C4A9D8}.Debug|Any CPU.ActiveCfg = Debug|Any CPU
		{14D20C12-C1AA-4259-9ECF-F49B07C4A9D8}.Debug|Any CPU.Build.0 = Debug|Any CPU
		{14D20C12-C1AA-4259-9ECF-F49B07C4A9D8}.Release|Any CPU.ActiveCfg = Release|Any CPU
		{14D20C12-C1AA-4259-9ECF-F49B07C4A9D8}.Release|Any CPU.Build.0 = Release|Any CPU
		{543E1F49-7F57-433E-A671-29948D8A7879}.Debug|Any CPU.ActiveCfg = Debug|Any CPU
		{543E1F49-7F57-433E-A671-29948D8A7879}.Debug|Any CPU.Build.0 = Debug|Any CPU
		{543E1F49-7F57-433E-A671-29948D8A7879}.Release|Any CPU.ActiveCfg = Release|Any CPU
		{543E1F49-7F57-433E-A671-29948D8A7879}.Release|Any CPU.Build.0 = Release|Any CPU
	EndGlobalSection
	GlobalSection(SolutionProperties) = preSolution
		HideSolutionNode = FALSE
	EndGlobalSection
	GlobalSection(ExtensibilityGlobals) = postSolution
		SolutionGuid = {1AEDD413-D251-40A7-A76B-1D2D88F3D03A}
	EndGlobalSection
EndGlobal
